
Microsoft Visual Studio Solution File, Format Version 12.00
Project("{FAE04EC0-301F-11D3-BF4B-00C04F79EFBC}") = "MyFirstApp", "MyFirstApp\MyFirstApp.csproj", "{6BC52A62-5FEB-4906-BC4B-270878283EDB}"
EndProject
Project("{FAE04EC0-301F-11D3-BF4B-00C04F79EFBC}") = "BankManagementSystem", "BankManagementSystem\BankManagementSystem.csproj", "{3767B8FF-34CA-4C36-975D-14E83F39AF72}"
EndProject
Project("{FAE04EC0-301F-11D3-BF4B-00C04F79EFBC}") = "CRUDOperationWithElasticSearch", "CRUDOperationWithElasticSearch\CRUDOperationWithElasticSearch.csproj", "{9C69F954-0D3F-45DD-B39F-B098EE647BFC}"
EndProject
Project("{FAE04EC0-301F-11D3-BF4B-00C04F79EFBC}") = "MyAppHost", "MyAppHost\MyAppHost.csproj", "{15A871C6-A836-4DA7-AC02-AB5259B866D3}"
EndProject
Project("{2150E333-8FDC-42A3-9474-1A3956D46DE8}") = "Aspire", "Aspire", "{5CDF5755-8D30-4C7A-AD72-37CC05D61532}"
EndProject
Project("{FAE04EC0-301F-11D3-BF4B-00C04F79EFBC}") = "MyServiceDefaults", "MyServiceDefaults\MyServiceDefaults.csproj", "{96392CA6-3015-437B-9870-C093FE7868CD}"
EndProject
Project("{FAE04EC0-301F-11D3-BF4B-00C04F79EFBC}") = "EmptyWebApplication", "EmptyWebApplication\EmptyWebApplication.csproj", "{AEDC7DEC-57C7-4160-A80C-468C06AE6E23}"
EndProject
Project("{FAE04EC0-301F-11D3-BF4B-00C04F79EFBC}") = "SoftPrinciples", "SoftPrinciples\SoftPrinciples.csproj", "{3E57AE6B-CCFF-4A76-A595-BCA93BB5CBD3}"
EndProject
Global
	GlobalSection(SolutionConfigurationPlatforms) = preSolution
		Debug|Any CPU = Debug|Any CPU
		Release|Any CPU = Release|Any CPU
	EndGlobalSection
	GlobalSection(ProjectConfigurationPlatforms) = postSolution
		{6BC52A62-5FEB-4906-BC4B-270878283EDB}.Debug|Any CPU.ActiveCfg = Debug|Any CPU
		{6BC52A62-5FEB-4906-BC4B-270878283EDB}.Debug|Any CPU.Build.0 = Debug|Any CPU
		{6BC52A62-5FEB-4906-BC4B-270878283EDB}.Release|Any CPU.ActiveCfg = Release|Any CPU
		{6BC52A62-5FEB-4906-BC4B-270878283EDB}.Release|Any CPU.Build.0 = Release|Any CPU
		{3767B8FF-34CA-4C36-975D-14E83F39AF72}.Debug|Any CPU.ActiveCfg = Debug|Any CPU
		{3767B8FF-34CA-4C36-975D-14E83F39AF72}.Debug|Any CPU.Build.0 = Debug|Any CPU
		{3767B8FF-34CA-4C36-975D-14E83F39AF72}.Release|Any CPU.ActiveCfg = Release|Any CPU
		{3767B8FF-34CA-4C36-975D-14E83F39AF72}.Release|Any CPU.Build.0 = Release|Any CPU
		{9C69F954-0D3F-45DD-B39F-B098EE647BFC}.Debug|Any CPU.ActiveCfg = Debug|Any CPU
		{9C69F954-0D3F-45DD-B39F-B098EE647BFC}.Debug|Any CPU.Build.0 = Debug|Any CPU
		{9C69F954-0D3F-45DD-B39F-B098EE647BFC}.Release|Any CPU.ActiveCfg = Release|Any CPU
		{9C69F954-0D3F-45DD-B39F-B098EE647BFC}.Release|Any CPU.Build.0 = Release|Any CPU
		{15A871C6-A836-4DA7-AC02-AB5259B866D3}.Debug|Any CPU.ActiveCfg = Debug|Any CPU
		{15A871C6-A836-4DA7-AC02-AB5259B866D3}.Debug|Any CPU.Build.0 = Debug|Any CPU
		{15A871C6-A836-4DA7-AC02-AB5259B866D3}.Release|Any CPU.ActiveCfg = Release|Any CPU
		{15A871C6-A836-4DA7-AC02-AB5259B866D3}.Release|Any CPU.Build.0 = Release|Any CPU
		{96392CA6-3015-437B-9870-C093FE7868CD}.Debug|Any CPU.ActiveCfg = Debug|Any CPU
		{96392CA6-3015-437B-9870-C093FE7868CD}.Debug|Any CPU.Build.0 = Debug|Any CPU
		{96392CA6-3015-437B-9870-C093FE7868CD}.Release|Any CPU.ActiveCfg = Release|Any CPU
		{96392CA6-3015-437B-9870-C093FE7868CD}.Release|Any CPU.Build.0 = Release|Any CPU
		{AEDC7DEC-57C7-4160-A80C-468C06AE6E23}.Debug|Any CPU.ActiveCfg = Debug|Any CPU
		{AEDC7DEC-57C7-4160-A80C-468C06AE6E23}.Debug|Any CPU.Build.0 = Debug|Any CPU
		{AEDC7DEC-57C7-4160-A80C-468C06AE6E23}.Release|Any CPU.ActiveCfg = Release|Any CPU
		{AEDC7DEC-57C7-4160-A80C-468C06AE6E23}.Release|Any CPU.Build.0 = Release|Any CPU
		{3E57AE6B-CCFF-4A76-A595-BCA93BB5CBD3}.Debug|Any CPU.ActiveCfg = Debug|Any CPU
		{3E57AE6B-CCFF-4A76-A595-BCA93BB5CBD3}.Debug|Any CPU.Build.0 = Debug|Any CPU
		{3E57AE6B-CCFF-4A76-A595-BCA93BB5CBD3}.Release|Any CPU.ActiveCfg = Release|Any CPU
		{3E57AE6B-CCFF-4A76-A595-BCA93BB5CBD3}.Release|Any CPU.Build.0 = Release|Any CPU
	EndGlobalSection
	GlobalSection(NestedProjects) = preSolution
		{15A871C6-A836-4DA7-AC02-AB5259B866D3} = {5CDF5755-8D30-4C7A-AD72-37CC05D61532}
		{96392CA6-3015-437B-9870-C093FE7868CD} = {5CDF5755-8D30-4C7A-AD72-37CC05D61532}
		{AEDC7DEC-57C7-4160-A80C-468C06AE6E23} = {5CDF5755-8D30-4C7A-AD72-37CC05D61532}
	EndGlobalSection
EndGlobal
